
Microsoft Visual Studio Solution File, Format Version 12.00
# Visual Studio 2013
VisualStudioVersion = 12.0.40629.0
MinimumVisualStudioVersion = 10.0.40219.1
Project("{FAE04EC0-301F-11D3-BF4B-00C04F79EFBC}") = "YYPB", "YYPB\YYPB.csproj", "{4E0811A8-FA0D-4DF3-A283-1C54BDDF61E6}"
EndProject
Project("{FAE04EC0-301F-11D3-BF4B-00C04F79EFBC}") = "1_DAL", "1_DAL\1_DAL.csproj", "{6E1C521B-1462-4093-B316-D0412A96A343}"
EndProject
Project("{FAE04EC0-301F-11D3-BF4B-00C04F79EFBC}") = "2_BLL", "2_BLL\2_BLL.csproj", "{D6D020AF-6770-4CAD-9EB9-60EE6FBF40B4}"
EndProject
Project("{FAE04EC0-301F-11D3-BF4B-00C04F79EFBC}") = "DTO", "DTO\DTO.csproj", "{5074A2CF-3429-4C4D-8330-59EC54455630}"
EndProject
Project("{FAE04EC0-301F-11D3-BF4B-00C04F79EFBC}") = "Converters", "Converters\Converters.csproj", "{5835AEAF-9281-4F3A-8C76-545072E0F88B}"
EndProject
Global
	GlobalSection(SolutionConfigurationPlatforms) = preSolution
		Debug|Any CPU = Debug|Any CPU
		Release|Any CPU = Release|Any CPU
	EndGlobalSection
	GlobalSection(ProjectConfigurationPlatforms) = postSolution
		{4E0811A8-FA0D-4DF3-A283-1C54BDDF61E6}.Debug|Any CPU.ActiveCfg = Debug|Any CPU
		{4E0811A8-FA0D-4DF3-A283-1C54BDDF61E6}.Debug|Any CPU.Build.0 = Debug|Any CPU
		{4E0811A8-FA0D-4DF3-A283-1C54BDDF61E6}.Release|Any CPU.ActiveCfg = Release|Any CPU
		{4E0811A8-FA0D-4DF3-A283-1C54BDDF61E6}.Release|Any CPU.Build.0 = Release|Any CPU
		{6E1C521B-1462-4093-B316-D0412A96A343}.Debug|Any CPU.ActiveCfg = Debug|Any CPU
		{6E1C521B-1462-4093-B316-D0412A96A343}.Debug|Any CPU.Build.0 = Debug|Any CPU
		{6E1C521B-1462-4093-B316-D0412A96A343}.Release|Any CPU.ActiveCfg = Release|Any CPU
		{6E1C521B-1462-4093-B316-D0412A96A343}.Release|Any CPU.Build.0 = Release|Any CPU
		{D6D020AF-6770-4CAD-9EB9-60EE6FBF40B4}.Debug|Any CPU.ActiveCfg = Debug|Any CPU
		{D6D020AF-6770-4CAD-9EB9-60EE6FBF40B4}.Debug|Any CPU.Build.0 = Debug|Any CPU
		{D6D020AF-6770-4CAD-9EB9-60EE6FBF40B4}.Release|Any CPU.ActiveCfg = Release|Any CPU
		{D6D020AF-6770-4CAD-9EB9-60EE6FBF40B4}.Release|Any CPU.Build.0 = Release|Any CPU
		{5074A2CF-3429-4C4D-8330-59EC54455630}.Debug|Any CPU.ActiveCfg = Debug|Any CPU
		{5074A2CF-3429-4C4D-8330-59EC54455630}.Debug|Any CPU.Build.0 = Debug|Any CPU
		{5074A2CF-3429-4C4D-8330-59EC54455630}.Release|Any CPU.ActiveCfg = Release|Any CPU
		{5074A2CF-3429-4C4D-8330-59EC54455630}.Release|Any CPU.Build.0 = Release|Any CPU
		{5835AEAF-9281-4F3A-8C76-545072E0F88B}.Debug|Any CPU.ActiveCfg = Debug|Any CPU
		{5835AEAF-9281-4F3A-8C76-545072E0F88B}.Debug|Any CPU.Build.0 = Debug|Any CPU
		{5835AEAF-9281-4F3A-8C76-545072E0F88B}.Release|Any CPU.ActiveCfg = Release|Any CPU
		{5835AEAF-9281-4F3A-8C76-545072E0F88B}.Release|Any CPU.Build.0 = Release|Any CPU
	EndGlobalSection
	GlobalSection(SolutionProperties) = preSolution
		HideSolutionNode = FALSE
	EndGlobalSection
EndGlobal
